
Microsoft Visual Studio Solution File, Format Version 12.00
# Visual Studio Version 17
VisualStudioVersion = 17.11.35327.3
MinimumVisualStudioVersion = 10.0.40219.1
Project("{9A19103F-16F7-4668-BE54-9A1E7A4F7556}") = "APIPrueba", "APIPrueba\APIPrueba.csproj", "{C20DD0BC-3591-42B3-B0CD-1188585270A7}"
EndProject
Project("{9A19103F-16F7-4668-BE54-9A1E7A4F7556}") = "BusinessLogic", "BusinessLogic\BusinessLogic.csproj", "{C768729B-CCAA-4199-8F07-B9AEEE7737D1}"
EndProject
Project("{9A19103F-16F7-4668-BE54-9A1E7A4F7556}") = "DataLayer", "DataLayer\DataLayer.csproj", "{3C925041-4813-4C80-A262-7A92A4B4A884}"
EndProject
Project("{9A19103F-16F7-4668-BE54-9A1E7A4F7556}") = "DataObjects", "DataObjects\DataObjects.csproj", "{D231CFB8-BBD2-4072-85D4-91F80E3D729D}"
EndProject
Project("{FAE04EC0-301F-11D3-BF4B-00C04F79EFBC}") = "EncryptDecrypt", "EncryptDecrypt\EncryptDecrypt.csproj", "{2B5A69F2-7D96-46D2-9030-37605907960F}"
EndProject
Global
	GlobalSection(SolutionConfigurationPlatforms) = preSolution
		Debug|Any CPU = Debug|Any CPU
		Release|Any CPU = Release|Any CPU
	EndGlobalSection
	GlobalSection(ProjectConfigurationPlatforms) = postSolution
		{C20DD0BC-3591-42B3-B0CD-1188585270A7}.Debug|Any CPU.ActiveCfg = Debug|Any CPU
		{C20DD0BC-3591-42B3-B0CD-1188585270A7}.Debug|Any CPU.Build.0 = Debug|Any CPU
		{C20DD0BC-3591-42B3-B0CD-1188585270A7}.Release|Any CPU.ActiveCfg = Release|Any CPU
		{C20DD0BC-3591-42B3-B0CD-1188585270A7}.Release|Any CPU.Build.0 = Release|Any CPU
		{C768729B-CCAA-4199-8F07-B9AEEE7737D1}.Debug|Any CPU.ActiveCfg = Debug|Any CPU
		{C768729B-CCAA-4199-8F07-B9AEEE7737D1}.Debug|Any CPU.Build.0 = Debug|Any CPU
		{C768729B-CCAA-4199-8F07-B9AEEE7737D1}.Release|Any CPU.ActiveCfg = Release|Any CPU
		{C768729B-CCAA-4199-8F07-B9AEEE7737D1}.Release|Any CPU.Build.0 = Release|Any CPU
		{3C925041-4813-4C80-A262-7A92A4B4A884}.Debug|Any CPU.ActiveCfg = Debug|Any CPU
		{3C925041-4813-4C80-A262-7A92A4B4A884}.Debug|Any CPU.Build.0 = Debug|Any CPU
		{3C925041-4813-4C80-A262-7A92A4B4A884}.Release|Any CPU.ActiveCfg = Release|Any CPU
		{3C925041-4813-4C80-A262-7A92A4B4A884}.Release|Any CPU.Build.0 = Release|Any CPU
		{D231CFB8-BBD2-4072-85D4-91F80E3D729D}.Debug|Any CPU.ActiveCfg = Debug|Any CPU
		{D231CFB8-BBD2-4072-85D4-91F80E3D729D}.Debug|Any CPU.Build.0 = Debug|Any CPU
		{D231CFB8-BBD2-4072-85D4-91F80E3D729D}.Release|Any CPU.ActiveCfg = Release|Any CPU
		{D231CFB8-BBD2-4072-85D4-91F80E3D729D}.Release|Any CPU.Build.0 = Release|Any CPU
		{2B5A69F2-7D96-46D2-9030-37605907960F}.Debug|Any CPU.ActiveCfg = Debug|Any CPU
		{2B5A69F2-7D96-46D2-9030-37605907960F}.Debug|Any CPU.Build.0 = Debug|Any CPU
		{2B5A69F2-7D96-46D2-9030-37605907960F}.Release|Any CPU.ActiveCfg = Release|Any CPU
		{2B5A69F2-7D96-46D2-9030-37605907960F}.Release|Any CPU.Build.0 = Release|Any CPU
	EndGlobalSection
	GlobalSection(SolutionProperties) = preSolution
		HideSolutionNode = FALSE
	EndGlobalSection
	GlobalSection(ExtensibilityGlobals) = postSolution
		SolutionGuid = {8E56624A-BDFD-47AA-8BA7-A3AF56FCD0A6}
	EndGlobalSection
EndGlobal
